// !$*UTF8*$!
{
	archiveVersion = 1;
	classes = {
	};
	objectVersion = 50;
	objects = {

/* Begin PBXBuildFile section */
		ED34AA9921095B7D0052FDFC /* AppDelegate.swift in Sources */ = {isa = PBXBuildFile; fileRef = ED34AA9821095B7D0052FDFC /* AppDelegate.swift */; };
		ED34AA9B21095B7D0052FDFC /* ViewController.swift in Sources */ = {isa = PBXBuildFile; fileRef = ED34AA9A21095B7D0052FDFC /* ViewController.swift */; };
		ED34AA9E21095B7D0052FDFC /* Main.storyboard in Resources */ = {isa = PBXBuildFile; fileRef = ED34AA9C21095B7D0052FDFC /* Main.storyboard */; };
		ED34AAA021095B7D0052FDFC /* Assets.xcassets in Resources */ = {isa = PBXBuildFile; fileRef = ED34AA9F21095B7D0052FDFC /* Assets.xcassets */; };
		ED34AAA321095B7D0052FDFC /* LaunchScreen.storyboard in Resources */ = {isa = PBXBuildFile; fileRef = ED34AAA121095B7D0052FDFC /* LaunchScreen.storyboard */; };
		ED34AAAE21095B7E0052FDFC /* Hello_WorldTests.swift in Sources */ = {isa = PBXBuildFile; fileRef = ED34AAAD21095B7E0052FDFC /* Hello_WorldTests.swift */; };
		ED34AAB921095B7E0052FDFC /* Hello_WorldUITests.swift in Sources */ = {isa = PBXBuildFile; fileRef = ED34AAB821095B7E0052FDFC /* Hello_WorldUITests.swift */; };
/* End PBXBuildFile section */

/* Begin PBXContainerItemProxy section */
		ED34AAAA21095B7E0052FDFC /* PBXContainerItemProxy */ = {
			isa = PBXContainerItemProxy;
			containerPortal = ED34AA8D21095B7D0052FDFC /* Project object */;
			proxyType = 1;
			remoteGlobalIDString = ED34AA9421095B7D0052FDFC;
			remoteInfo = "Hello World";
		};
		ED34AAB521095B7E0052FDFC /* PBXContainerItemProxy */ = {
			isa = PBXContainerItemProxy;
			containerPortal = ED34AA8D21095B7D0052FDFC /* Project object */;
			proxyType = 1;
			remoteGlobalIDString = ED34AA9421095B7D0052FDFC;
			remoteInfo = "Hello World";
		};
/* End PBXContainerItemProxy section */

/* Begin PBXFileReference section */
		ED34AA9521095B7D0052FDFC /* Hello World.app */ = {isa = PBXFileReference; explicitFileType = wrapper.application; includeInIndex = 0; path = "Hello World.app"; sourceTree = BUILT_PRODUCTS_DIR; };
		ED34AA9821095B7D0052FDFC /* AppDelegate.swift */ = {isa = PBXFileReference; lastKnownFileType = sourcecode.swift; path = AppDelegate.swift; sourceTree = "<group>"; };
		ED34AA9A21095B7D0052FDFC /* ViewController.swift */ = {isa = PBXFileReference; lastKnownFileType = sourcecode.swift; path = ViewController.swift; sourceTree = "<group>"; };
		ED34AA9D21095B7D0052FDFC /* Base */ = {isa = PBXFileReference; lastKnownFileType = file.storyboard; name = Base; path = Base.lproj/Main.storyboard; sourceTree = "<group>"; };
		ED34AA9F21095B7D0052FDFC /* Assets.xcassets */ = {isa = PBXFileReference; lastKnownFileType = folder.assetcatalog; path = Assets.xcassets; sourceTree = "<group>"; };
		ED34AAA221095B7D0052FDFC /* Base */ = {isa = PBXFileReference; lastKnownFileType = file.storyboard; name = Base; path = Base.lproj/LaunchScreen.storyboard; sourceTree = "<group>"; };
		ED34AAA421095B7D0052FDFC /* Info.plist */ = {isa = PBXFileReference; lastKnownFileType = text.plist.xml; path = Info.plist; sourceTree = "<group>"; };
		ED34AAA921095B7E0052FDFC /* Hello WorldTests.xctest */ = {isa = PBXFileReference; explicitFileType = wrapper.cfbundle; includeInIndex = 0; path = "Hello WorldTests.xctest"; sourceTree = BUILT_PRODUCTS_DIR; };
		ED34AAAD21095B7E0052FDFC /* Hello_WorldTests.swift */ = {isa = PBXFileReference; lastKnownFileType = sourcecode.swift; path = Hello_WorldTests.swift; sourceTree = "<group>"; };
		ED34AAAF21095B7E0052FDFC /* Info.plist */ = {isa = PBXFileReference; lastKnownFileType = text.plist.xml; path = Info.plist; sourceTree = "<group>"; };
		ED34AAB421095B7E0052FDFC /* Hello WorldUITests.xctest */ = {isa = PBXFileReference; explicitFileType = wrapper.cfbundle; includeInIndex = 0; path = "Hello WorldUITests.xctest"; sourceTree = BUILT_PRODUCTS_DIR; };
		ED34AAB821095B7E0052FDFC /* Hello_WorldUITests.swift */ = {isa = PBXFileReference; lastKnownFileType = sourcecode.swift; path = Hello_WorldUITests.swift; sourceTree = "<group>"; };
		ED34AABA21095B7E0052FDFC /* Info.plist */ = {isa = PBXFileReference; lastKnownFileType = text.plist.xml; path = Info.plist; sourceTree = "<group>"; };
/* End PBXFileReference section */

/* Begin PBXFrameworksBuildPhase section */
		ED34AA9221095B7D0052FDFC /* Frameworks */ = {
			isa = PBXFrameworksBuildPhase;
			buildActionMask = 2147483647;
			files = (
			);
			runOnlyForDeploymentPostprocessing = 0;
		};
		ED34AAA621095B7E0052FDFC /* Frameworks */ = {
			isa = PBXFrameworksBuildPhase;
			buildActionMask = 2147483647;
			files = (
			);
			runOnlyForDeploymentPostprocessing = 0;
		};
		ED34AAB121095B7E0052FDFC /* Frameworks */ = {
			isa = PBXFrameworksBuildPhase;
			buildActionMask = 2147483647;
			files = (
			);
			runOnlyForDeploymentPostprocessing = 0;
		};
/* End PBXFrameworksBuildPhase section */

/* Begin PBXGroup section */
		ED34AA8C21095B7D0052FDFC = {
			isa = PBXGroup;
			children = (
				ED34AA9721095B7D0052FDFC /* Hello World */,
				ED34AAAC21095B7E0052FDFC /* Hello WorldTests */,
				ED34AAB721095B7E0052FDFC /* Hello WorldUITests */,
				ED34AA9621095B7D0052FDFC /* Products */,
			);
			sourceTree = "<group>";
		};
		ED34AA9621095B7D0052FDFC /* Products */ = {
			isa = PBXGroup;
			children = (
				ED34AA9521095B7D0052FDFC /* Hello World.app */,
				ED34AAA921095B7E0052FDFC /* Hello WorldTests.xctest */,
				ED34AAB421095B7E0052FDFC /* Hello WorldUITests.xctest */,
			);
			name = Products;
			sourceTree = "<group>";
		};
		ED34AA9721095B7D0052FDFC /* Hello World */ = {
			isa = PBXGroup;
			children = (
				ED34AA9821095B7D0052FDFC /* AppDelegate.swift */,
				ED34AA9A21095B7D0052FDFC /* ViewController.swift */,
				ED34AA9C21095B7D0052FDFC /* Main.storyboard */,
				ED34AA9F21095B7D0052FDFC /* Assets.xcassets */,
				ED34AAA121095B7D0052FDFC /* LaunchScreen.storyboard */,
				ED34AAA421095B7D0052FDFC /* Info.plist */,
			);
			path = "Hello World";
			sourceTree = "<group>";
		};
		ED34AAAC21095B7E0052FDFC /* Hello WorldTests */ = {
			isa = PBXGroup;
			children = (
				ED34AAAD21095B7E0052FDFC /* Hello_WorldTests.swift */,
				ED34AAAF21095B7E0052FDFC /* Info.plist */,
			);
			path = "Hello WorldTests";
			sourceTree = "<group>";
		};
		ED34AAB721095B7E0052FDFC /* Hello WorldUITests */ = {
			isa = PBXGroup;
			children = (
				ED34AAB821095B7E0052FDFC /* Hello_WorldUITests.swift */,
				ED34AABA21095B7E0052FDFC /* Info.plist */,
			);
			path = "Hello WorldUITests";
			sourceTree = "<group>";
		};
/* End PBXGroup section */

/* Begin PBXNativeTarget section */
		ED34AA9421095B7D0052FDFC /* Hello World */ = {
			isa = PBXNativeTarget;
			buildConfigurationList = ED34AABD21095B7E0052FDFC /* Build configuration list for PBXNativeTarget "Hello World" */;
			buildPhases = (
				ED34AA9121095B7D0052FDFC /* Sources */,
				ED34AA9221095B7D0052FDFC /* Frameworks */,
				ED34AA9321095B7D0052FDFC /* Resources */,
			);
			buildRules = (
			);
			dependencies = (
			);
			name = "Hello World";
			productName = "Hello World";
			productReference = ED34AA9521095B7D0052FDFC /* Hello World.app */;
			productType = "com.apple.product-type.application";
		};
		ED34AAA821095B7E0052FDFC /* Hello WorldTests */ = {
			isa = PBXNativeTarget;
			buildConfigurationList = ED34AAC021095B7E0052FDFC /* Build configuration list for PBXNativeTarget "Hello WorldTests" */;
			buildPhases = (
				ED34AAA521095B7E0052FDFC /* Sources */,
				ED34AAA621095B7E0052FDFC /* Frameworks */,
				ED34AAA721095B7E0052FDFC /* Resources */,
			);
			buildRules = (
			);
			dependencies = (
				ED34AAAB21095B7E0052FDFC /* PBXTargetDependency */,
			);
			name = "Hello WorldTests";
			productName = "Hello WorldTests";
			productReference = ED34AAA921095B7E0052FDFC /* Hello WorldTests.xctest */;
			productType = "com.apple.product-type.bundle.unit-test";
		};
		ED34AAB321095B7E0052FDFC /* Hello WorldUITests */ = {
			isa = PBXNativeTarget;
			buildConfigurationList = ED34AAC321095B7E0052FDFC /* Build configuration list for PBXNativeTarget "Hello WorldUITests" */;
			buildPhases = (
				ED34AAB021095B7E0052FDFC /* Sources */,
				ED34AAB121095B7E0052FDFC /* Frameworks */,
				ED34AAB221095B7E0052FDFC /* Resources */,
			);
			buildRules = (
			);
			dependencies = (
				ED34AAB621095B7E0052FDFC /* PBXTargetDependency */,
			);
			name = "Hello WorldUITests";
			productName = "Hello WorldUITests";
			productReference = ED34AAB421095B7E0052FDFC /* Hello WorldUITests.xctest */;
			productType = "com.apple.product-type.bundle.ui-testing";
		};
/* End PBXNativeTarget section */

/* Begin PBXProject section */
		ED34AA8D21095B7D0052FDFC /* Project object */ = {
			isa = PBXProject;
			attributes = {
				LastSwiftUpdateCheck = 0940;
				LastUpgradeCheck = 0940;
				ORGANIZATIONNAME = "RS Productions";
				TargetAttributes = {
					ED34AA9421095B7D0052FDFC = {
						CreatedOnToolsVersion = 9.4.1;
					};
					ED34AAA821095B7E0052FDFC = {
						CreatedOnToolsVersion = 9.4.1;
						TestTargetID = ED34AA9421095B7D0052FDFC;
					};
					ED34AAB321095B7E0052FDFC = {
						CreatedOnToolsVersion = 9.4.1;
						TestTargetID = ED34AA9421095B7D0052FDFC;
					};
				};
			};
			buildConfigurationList = ED34AA9021095B7D0052FDFC /* Build configuration list for PBXProject "Hello World" */;
			compatibilityVersion = "Xcode 9.3";
			developmentRegion = en;
			hasScannedForEncodings = 0;
			knownRegions = (
				en,
				Base,
			);
			mainGroup = ED34AA8C21095B7D0052FDFC;
			productRefGroup = ED34AA9621095B7D0052FDFC /* Products */;
			projectDirPath = "";
			projectRoot = "";
			targets = (
				ED34AA9421095B7D0052FDFC /* Hello World */,
				ED34AAA821095B7E0052FDFC /* Hello WorldTests */,
				ED34AAB321095B7E0052FDFC /* Hello WorldUITests */,
			);
		};
/* End PBXProject section */

/* Begin PBXResourcesBuildPhase section */
		ED34AA9321095B7D0052FDFC /* Resources */ = {
			isa = PBXResourcesBuildPhase;
			buildActionMask = 2147483647;
			files = (
				ED34AAA321095B7D0052FDFC /* LaunchScreen.storyboard in Resources */,
				ED34AAA021095B7D0052FDFC /* Assets.xcassets in Resources */,
				ED34AA9E21095B7D0052FDFC /* Main.storyboard in Resources */,
			);
			runOnlyForDeploymentPostprocessing = 0;
		};
		ED34AAA721095B7E0052FDFC /* Resources */ = {
			isa = PBXResourcesBuildPhase;
			buildActionMask = 2147483647;
			files = (
			);
			runOnlyForDeploymentPostprocessing = 0;
		};
		ED34AAB221095B7E0052FDFC /* Resources */ = {
			isa = PBXResourcesBuildPhase;
			buildActionMask = 2147483647;
			files = (
			);
			runOnlyForDeploymentPostprocessing = 0;
		};
/* End PBXResourcesBuildPhase section */

/* Begin PBXSourcesBuildPhase section */
		ED34AA9121095B7D0052FDFC /* Sources */ = {
			isa = PBXSourcesBuildPhase;
			buildActionMask = 2147483647;
			files = (
				ED34AA9B21095B7D0052FDFC /* ViewController.swift in Sources */,
				ED34AA9921095B7D0052FDFC /* AppDelegate.swift in Sources */,
			);
			runOnlyForDeploymentPostprocessing = 0;
		};
		ED34AAA521095B7E0052FDFC /* Sources */ = {
			isa = PBXSourcesBuildPhase;
			buildActionMask = 2147483647;
			files = (
				ED34AAAE21095B7E0052FDFC /* Hello_WorldTests.swift in Sources */,
			);
			runOnlyForDeploymentPostprocessing = 0;
		};
		ED34AAB021095B7E0052FDFC /* Sources */ = {
			isa = PBXSourcesBuildPhase;
			buildActionMask = 2147483647;
			files = (
				ED34AAB921095B7E0052FDFC /* Hello_WorldUITests.swift in Sources */,
			);
			runOnlyForDeploymentPostprocessing = 0;
		};
/* End PBXSourcesBuildPhase section */

/* Begin PBXTargetDependency section */
		ED34AAAB21095B7E0052FDFC /* PBXTargetDependency */ = {
			isa = PBXTargetDependency;
			target = ED34AA9421095B7D0052FDFC /* Hello World */;
			targetProxy = ED34AAAA21095B7E0052FDFC /* PBXContainerItemProxy */;
		};
		ED34AAB621095B7E0052FDFC /* PBXTargetDependency */ = {
			isa = PBXTargetDependency;
			target = ED34AA9421095B7D0052FDFC /* Hello World */;
			targetProxy = ED34AAB521095B7E0052FDFC /* PBXContainerItemProxy */;
		};
/* End PBXTargetDependency section */

/* Begin PBXVariantGroup section */
		ED34AA9C21095B7D0052FDFC /* Main.storyboard */ = {
			isa = PBXVariantGroup;
			children = (
				ED34AA9D21095B7D0052FDFC /* Base */,
			);
			name = Main.storyboard;
			sourceTree = "<group>";
		};
		ED34AAA121095B7D0052FDFC /* LaunchScreen.storyboard */ = {
			isa = PBXVariantGroup;
			children = (
				ED34AAA221095B7D0052FDFC /* Base */,
			);
			name = LaunchScreen.storyboard;
			sourceTree = "<group>";
		};
/* End PBXVariantGroup section */

/* Begin XCBuildConfiguration section */
		ED34AABB21095B7E0052FDFC /* Debug */ = {
			isa = XCBuildConfiguration;
			buildSettings = {
				ALWAYS_SEARCH_USER_PATHS = NO;
				CLANG_ANALYZER_NONNULL = YES;
				CLANG_ANALYZER_NUMBER_OBJECT_CONVERSION = YES_AGGRESSIVE;
				CLANG_CXX_LANGUAGE_STANDARD = "gnu++14";
				CLANG_CXX_LIBRARY = "libc++";
				CLANG_ENABLE_MODULES = YES;
				CLANG_ENABLE_OBJC_ARC = YES;
				CLANG_ENABLE_OBJC_WEAK = YES;
				CLANG_WARN_BLOCK_CAPTURE_AUTORELEASING = YES;
				CLANG_WARN_BOOL_CONVERSION = YES;
				CLANG_WARN_COMMA = YES;
				CLANG_WARN_CONSTANT_CONVERSION = YES;
				CLANG_WARN_DEPRECATED_OBJC_IMPLEMENTATIONS = YES;
				CLANG_WARN_DIRECT_OBJC_ISA_USAGE = YES_ERROR;
				CLANG_WARN_DOCUMENTATION_COMMENTS = YES;
				CLANG_WARN_EMPTY_BODY = YES;
				CLANG_WARN_ENUM_CONVERSION = YES;
				CLANG_WARN_INFINITE_RECURSION = YES;
				CLANG_WARN_INT_CONVERSION = YES;
				CLANG_WARN_NON_LITERAL_NULL_CONVERSION = YES;
				CLANG_WARN_OBJC_IMPLICIT_RETAIN_SELF = YES;
				CLANG_WARN_OBJC_LITERAL_CONVERSION = YES;
				CLANG_WARN_OBJC_ROOT_CLASS = YES_ERROR;
				CLANG_WARN_RANGE_LOOP_ANALYSIS = YES;
				CLANG_WARN_STRICT_PROTOTYPES = YES;
				CLANG_WARN_SUSPICIOUS_MOVE = YES;
				CLANG_WARN_UNGUARDED_AVAILABILITY = YES_AGGRESSIVE;
				CLANG_WARN_UNREACHABLE_CODE = YES;
				CLANG_WARN__DUPLICATE_METHOD_MATCH = YES;
				CODE_SIGN_IDENTITY = "iPhone Developer";
				COPY_PHASE_STRIP = NO;
				DEBUG_INFORMATION_FORMAT = dwarf;
				ENABLE_STRICT_OBJC_MSGSEND = YES;
				ENABLE_TESTABILITY = YES;
				GCC_C_LANGUAGE_STANDARD = gnu11;
				GCC_DYNAMIC_NO_PIC = NO;
				GCC_NO_COMMON_BLOCKS = YES;
				GCC_OPTIMIZATION_LEVEL = 0;
				GCC_PREPROCESSOR_DEFINITIONS = (
					"DEBUG=1",
					"$(inherited)",
				);
				GCC_WARN_64_TO_32_BIT_CONVERSION = YES;
				GCC_WARN_ABOUT_RETURN_TYPE = YES_ERROR;
				GCC_WARN_UNDECLARED_SELECTOR = YES;
				GCC_WARN_UNINITIALIZED_AUTOS = YES_AGGRESSIVE;
				GCC_WARN_UNUSED_FUNCTION = YES;
				GCC_WARN_UNUSED_VARIABLE = YES;
				IPHONEOS_DEPLOYMENT_TARGET = 11.4;
				MTL_ENABLE_DEBUG_INFO = YES;
				ONLY_ACTIVE_ARCH = YES;
				SDKROOT = iphoneos;
				SWIFT_ACTIVE_COMPILATION_CONDITIONS = DEBUG;
				SWIFT_OPTIMIZATION_LEVEL = "-Onone";
			};
			name = Debug;
		};
		ED34AABC21095B7E0052FDFC /* Release */ = {
			isa = XCBuildConfiguration;
			buildSettings = {
				ALWAYS_SEARCH_USER_PATHS = NO;
				CLANG_ANALYZER_NONNULL = YES;
				CLANG_ANALYZER_NUMBER_OBJECT_CONVERSION = YES_AGGRESSIVE;
				CLANG_CXX_LANGUAGE_STANDARD = "gnu++14";
				CLANG_CXX_LIBRARY = "libc++";
				CLANG_ENABLE_MODULES = YES;
				CLANG_ENABLE_OBJC_ARC = YES;
				CLANG_ENABLE_OBJC_WEAK = YES;
				CLANG_WARN_BLOCK_CAPTURE_AUTORELEASING = YES;
				CLANG_WARN_BOOL_CONVERSION = YES;
				CLANG_WARN_COMMA = YES;
				CLANG_WARN_CONSTANT_CONVERSION = YES;
				CLANG_WARN_DEPRECATED_OBJC_IMPLEMENTATIONS = YES;
				CLANG_WARN_DIRECT_OBJC_ISA_USAGE = YES_ERROR;
				CLANG_WARN_DOCUMENTATION_COMMENTS = YES;
				CLANG_WARN_EMPTY_BODY = YES;
				CLANG_WARN_ENUM_CONVERSION = YES;
				CLANG_WARN_INFINITE_RECURSION = YES;
				CLANG_WARN_INT_CONVERSION = YES;
				CLANG_WARN_NON_LITERAL_NULL_CONVERSION = YES;
				CLANG_WARN_OBJC_IMPLICIT_RETAIN_SELF = YES;
				CLANG_WARN_OBJC_LITERAL_CONVERSION = YES;
				CLANG_WARN_OBJC_ROOT_CLASS = YES_ERROR;
				CLANG_WARN_RANGE_LOOP_ANALYSIS = YES;
				CLANG_WARN_STRICT_PROTOTYPES = YES;
				CLANG_WARN_SUSPICIOUS_MOVE = YES;
				CLANG_WARN_UNGUARDED_AVAILABILITY = YES_AGGRESSIVE;
				CLANG_WARN_UNREACHABLE_CODE = YES;
				CLANG_WARN__DUPLICATE_METHOD_MATCH = YES;
				CODE_SIGN_IDENTITY = "iPhone Developer";
				COPY_PHASE_STRIP = NO;
				DEBUG_INFORMATION_FORMAT = "dwarf-with-dsym";
				ENABLE_NS_ASSERTIONS = NO;
				ENABLE_STRICT_OBJC_MSGSEND = YES;
				GCC_C_LANGUAGE_STANDARD = gnu11;
				GCC_NO_COMMON_BLOCKS = YES;
				GCC_WARN_64_TO_32_BIT_CONVERSION = YES;
				GCC_WARN_ABOUT_RETURN_TYPE = YES_ERROR;
				GCC_WARN_UNDECLARED_SELECTOR = YES;
				GCC_WARN_UNINITIALIZED_AUTOS = YES_AGGRESSIVE;
				GCC_WARN_UNUSED_FUNCTION = YES;
				GCC_WARN_UNUSED_VARIABLE = YES;
				IPHONEOS_DEPLOYMENT_TARGET = 11.4;
				MTL_ENABLE_DEBUG_INFO = NO;
				SDKROOT = iphoneos;
				SWIFT_COMPILATION_MODE = wholemodule;
				SWIFT_OPTIMIZATION_LEVEL = "-O";
				VALIDATE_PRODUCT = YES;
			};
			name = Release;
		};
		ED34AABE21095B7E0052FDFC /* Debug */ = {
			isa = XCBuildConfiguration;
			buildSettings = {
				ASSETCATALOG_COMPILER_APPICON_NAME = AppIcon;
				CODE_SIGN_STYLE = Automatic;
				DEVELOPMENT_TEAM = 4BUK33GJQU;
				INFOPLIST_FILE = "Hello World/Info.plist";
				LD_RUNPATH_SEARCH_PATHS = (
					"$(inherited)",
					"@executable_path/Frameworks",
				);
				PRODUCT_BUNDLE_IDENTIFIER = "devslopes.Hello-World";
				PRODUCT_NAME = "$(TARGET_NAME)";
				SWIFT_VERSION = 4.0;
				TARGETED_DEVICE_FAMILY = "1,2";
			};
			name = Debug;
		};
		ED34AABF21095B7E0052FDFC /* Release */ = {
			isa = XCBuildConfiguration;
			buildSettings = {
				ASSETCATALOG_COMPILER_APPICON_NAME = AppIcon;
				CODE_SIGN_STYLE = Automatic;
				DEVELOPMENT_TEAM = 4BUK33GJQU;
				INFOPLIST_FILE = "Hello World/Info.plist";
				LD_RUNPATH_SEARCH_PATHS = (
					"$(inherited)",
					"@executable_path/Frameworks",
				);
				PRODUCT_BUNDLE_IDENTIFIER = "devslopes.Hello-World";
				PRODUCT_NAME = "$(TARGET_NAME)";
				SWIFT_VERSION = 4.0;
				TARGETED_DEVICE_FAMILY = "1,2";
			};
			name = Release;
		};
		ED34AAC121095B7E0052FDFC /* Debug */ = {
			isa = XCBuildConfiguration;
			buildSettings = {
				ALWAYS_EMBED_SWIFT_STANDARD_LIBRARIES = YES;
				BUNDLE_LOADER = "$(TEST_HOST)";
				CODE_SIGN_STYLE = Automatic;
				DEVELOPMENT_TEAM = 4BUK33GJQU;
				INFOPLIST_FILE = "Hello WorldTests/Info.plist";
				LD_RUNPATH_SEARCH_PATHS = (
					"$(inherited)",
					"@executable_path/Frameworks",
					"@loader_path/Frameworks",
				);
				PRODUCT_BUNDLE_IDENTIFIER = "devslopes.Hello-WorldTests";
				PRODUCT_NAME = "$(TARGET_NAME)";
				SWIFT_VERSION = 4.0;
				TARGETED_DEVICE_FAMILY = "1,2";
				TEST_HOST = "$(BUILT_PRODUCTS_DIR)/Hello World.app/Hello World";
			};
			name = Debug;
		};
		ED34AAC221095B7E0052FDFC /* Release */ = {
			isa = XCBuildConfiguration;
			buildSettings = {
				ALWAYS_EMBED_SWIFT_STANDARD_LIBRARIES = YES;
				BUNDLE_LOADER = "$(TEST_HOST)";
				CODE_SIGN_STYLE = Automatic;
				DEVELOPMENT_TEAM = 4BUK33GJQU;
				INFOPLIST_FILE = "Hello WorldTests/Info.plist";
				LD_RUNPATH_SEARCH_PATHS = (
					"$(inherited)",
					"@executable_path/Frameworks",
					"@loader_path/Frameworks",
				);
				PRODUCT_BUNDLE_IDENTIFIER = "devslopes.Hello-WorldTests";
				PRODUCT_NAME = "$(TARGET_NAME)";
				SWIFT_VERSION = 4.0;
				TARGETED_DEVICE_FAMILY = "1,2";
				TEST_HOST = "$(BUILT_PRODUCTS_DIR)/Hello World.app/Hello World";
			};
			name = Release;
		};
		ED34AAC421095B7E0052FDFC /* Debug */ = {
			isa = XCBuildConfiguration;
			buildSettings = {
				ALWAYS_EMBED_SWIFT_STANDARD_LIBRARIES = YES;
				CODE_SIGN_STYLE = Automatic;
				DEVELOPMENT_TEAM = 4BUK33GJQU;
				INFOPLIST_FILE = "Hello WorldUITests/Info.plist";
				LD_RUNPATH_SEARCH_PATHS = (
					"$(inherited)",
					"@executable_path/Frameworks",
					"@loader_path/Frameworks",
				);
				PRODUCT_BUNDLE_IDENTIFIER = "devslopes.Hello-WorldUITests";
				PRODUCT_NAME = "$(TARGET_NAME)";
				SWIFT_VERSION = 4.0;
				TARGETED_DEVICE_FAMILY = "1,2";
				TEST_TARGET_NAME = "Hello World";
			};
			name = Debug;
		};
		ED34AAC521095B7E0052FDFC /* Release */ = {
			isa = XCBuildConfiguration;
			buildSettings = {
				ALWAYS_EMBED_SWIFT_STANDARD_LIBRARIES = YES;
				CODE_SIGN_STYLE = Automatic;
				DEVELOPMENT_TEAM = 4BUK33GJQU;
				INFOPLIST_FILE = "Hello WorldUITests/Info.plist";
				LD_RUNPATH_SEARCH_PATHS = (
					"$(inherited)",
					"@executable_path/Frameworks",
					"@loader_path/Frameworks",
				);
				PRODUCT_BUNDLE_IDENTIFIER = "devslopes.Hello-WorldUITests";
				PRODUCT_NAME = "$(TARGET_NAME)";
				SWIFT_VERSION = 4.0;
				TARGETED_DEVICE_FAMILY = "1,2";
				TEST_TARGET_NAME = "Hello World";
			};
			name = Release;
		};
/* End XCBuildConfiguration section */

/* Begin XCConfigurationList section */
		ED34AA9021095B7D0052FDFC /* Build configuration list for PBXProject "Hello World" */ = {
			isa = XCConfigurationList;
			buildConfigurations = (
				ED34AABB21095B7E0052FDFC /* Debug */,
				ED34AABC21095B7E0052FDFC /* Release */,
			);
			defaultConfigurationIsVisible = 0;
			defaultConfigurationName = Release;
		};
		ED34AABD21095B7E0052FDFC /* Build configuration list for PBXNativeTarget "Hello World" */ = {
			isa = XCConfigurationList;
			buildConfigurations = (
				ED34AABE21095B7E0052FDFC /* Debug */,
				ED34AABF21095B7E0052FDFC /* Release */,
			);
			defaultConfigurationIsVisible = 0;
			defaultConfigurationName = Release;
		};
		ED34AAC021095B7E0052FDFC /* Build configuration list for PBXNativeTarget "Hello WorldTests" */ = {
			isa = XCConfigurationList;
			buildConfigurations = (
				ED34AAC121095B7E0052FDFC /* Debug */,
				ED34AAC221095B7E0052FDFC /* Release */,
			);
			defaultConfigurationIsVisible = 0;
			defaultConfigurationName = Release;
		};
		ED34AAC321095B7E0052FDFC /* Build configuration list for PBXNativeTarget "Hello WorldUITests" */ = {
			isa = XCConfigurationList;
			buildConfigurations = (
				ED34AAC421095B7E0052FDFC /* Debug */,
				ED34AAC521095B7E0052FDFC /* Release */,
			);
			defaultConfigurationIsVisible = 0;
			defaultConfigurationName = Release;
		};
/* End XCConfigurationList section */
	};
	rootObject = ED34AA8D21095B7D0052FDFC /* Project object */;
}
